
Microsoft Visual Studio Solution File, Format Version 12.00
# Visual Studio Version 16
VisualStudioVersion = 16.0.30011.22
MinimumVisualStudioVersion = 10.0.40219.1
Project("{2150E333-8FDC-42A3-9474-1A3956D46DE8}") = "_Core", "_Core", "{13A72214-F515-4A3B-A326-97D515EF988A}"
EndProject
Project("{2150E333-8FDC-42A3-9474-1A3956D46DE8}") = "Test", "Test", "{E48D935A-0EDC-4A36-8B3F-042D0FF35A00}"
EndProject
Project("{9A19103F-16F7-4668-BE54-9A1E7A4F7556}") = "SmithHtmlEditor", "SmithHtmlEditor\SmithHtmlEditor.csproj", "{F7BF772A-2646-4EFF-BD6C-FA8A48BD7340}"
EndProject
Project("{9A19103F-16F7-4668-BE54-9A1E7A4F7556}") = "SmithHtmlEditor.Demo", "SmithHtmlEditor.Demo\SmithHtmlEditor.Demo.csproj", "{DBCE0725-B05D-4262-9173-32EAE4E36E0A}"
EndProject
Global
	GlobalSection(SolutionConfigurationPlatforms) = preSolution
		Debug|Any CPU = Debug|Any CPU
		Release|Any CPU = Release|Any CPU
	EndGlobalSection
	GlobalSection(ProjectConfigurationPlatforms) = postSolution
		{F7BF772A-2646-4EFF-BD6C-FA8A48BD7340}.Debug|Any CPU.ActiveCfg = Debug|Any CPU
		{F7BF772A-2646-4EFF-BD6C-FA8A48BD7340}.Debug|Any CPU.Build.0 = Debug|Any CPU
		{F7BF772A-2646-4EFF-BD6C-FA8A48BD7340}.Release|Any CPU.ActiveCfg = Release|Any CPU
		{F7BF772A-2646-4EFF-BD6C-FA8A48BD7340}.Release|Any CPU.Build.0 = Release|Any CPU
		{DBCE0725-B05D-4262-9173-32EAE4E36E0A}.Debug|Any CPU.ActiveCfg = Debug|Any CPU
		{DBCE0725-B05D-4262-9173-32EAE4E36E0A}.Debug|Any CPU.Build.0 = Debug|Any CPU
		{DBCE0725-B05D-4262-9173-32EAE4E36E0A}.Release|Any CPU.ActiveCfg = Release|Any CPU
		{DBCE0725-B05D-4262-9173-32EAE4E36E0A}.Release|Any CPU.Build.0 = Release|Any CPU
	EndGlobalSection
	GlobalSection(SolutionProperties) = preSolution
		HideSolutionNode = FALSE
	EndGlobalSection
	GlobalSection(NestedProjects) = preSolution
		{F7BF772A-2646-4EFF-BD6C-FA8A48BD7340} = {13A72214-F515-4A3B-A326-97D515EF988A}
		{DBCE0725-B05D-4262-9173-32EAE4E36E0A} = {E48D935A-0EDC-4A36-8B3F-042D0FF35A00}
	EndGlobalSection
	GlobalSection(ExtensibilityGlobals) = postSolution
		SolutionGuid = {0DF8BBA1-1A19-4601-A90A-22AF96E7B137}
	EndGlobalSection
EndGlobal
